{
  "name": "ohaus-courier5000-webserial-poc",
  "version": "0.0.0",
  "lockfileVersion": 3,
  "requires": true,
  "packages": {
    "": {
      "name": "ohaus-courier5000-webserial-poc",
      "version": "0.0.0",
      "devDependencies": {
        "@types/w3c-web-serial": "^1.0.6",
        "typescript": "^5.6.3"
      }
    },
    "node_modules/@types/w3c-web-serial": {
      "version": "1.0.8",
      "resolved": "https://registry.npmjs.org/@types/w3c-web-serial/-/w3c-web-serial-1.0.8.tgz",
      "integrity": "sha512-QQOT+bxQJhRGXoZDZGLs3ksLud1dMNnMiSQtBA0w8KXvLpXX4oM4TZb6J0GgJ8UbCaHo5s9/4VQT8uXy9JER2A==",
      "dev": true,
      "license": "MIT"
    },
    "node_modules/typescript": {
      "version": "5.9.3",
      "resolved": "https://registry.npmjs.org/typescript/-/typescript-5.9.3.tgz",
      "integrity": "sha512-jl1vZzPDinLr9eUt3J/t7V6FgNEw9QjvBPdysz9KfQDD41fQrC2Y4vKQdiaUpFT4bXlb1RHhLpp8wtm6M5TgSw==",
      "dev": true,
      "license": "Apache-2.0",
      "bin": {
        "tsc": "bin/tsc",
        "tsserver": "bin/tsserver"
      },
      "engines": {
        "node": ">=14.17"
      }
    }
  }
}
